
Microsoft Visual Studio Solution File, Format Version 12.00
# Visual Studio Version 16
VisualStudioVersion = 16.0.30114.105
MinimumVisualStudioVersion = 10.0.40219.1
Project("{9A19103F-16F7-4668-BE54-9A1E7A4F7556}") = "Tests", "Tests\Tests.csproj", "{0362DAD9-C619-443F-89BF-763F24B31FF8}"
EndProject
Project("{9A19103F-16F7-4668-BE54-9A1E7A4F7556}") = "Application", "Application\Application.csproj", "{7A792AC0-453B-4E79-BA95-9C99B40A5B00}"
EndProject
Project("{FAE04EC0-301F-11D3-BF4B-00C04F79EFBC}") = "CommonLibs", "CommonLibs\CommonLibs.csproj", "{0BB2DD3B-5A4A-4939-BCC8-4305DA4FC888}"
EndProject
Project("{2150E333-8FDC-42A3-9474-1A3956D46DE8}") = "screenshots", "screenshots", "{044B77F3-992F-4AB8-9C90-CA4F671E6E54}"
EndProject
Project("{2150E333-8FDC-42A3-9474-1A3956D46DE8}") = "reports", "reports", "{1EAB7B8E-F3BF-4F21-B154-CC1F5ADE3B29}"
EndProject
Global
	GlobalSection(SolutionConfigurationPlatforms) = preSolution
		Debug|Any CPU = Debug|Any CPU
		Release|Any CPU = Release|Any CPU
	EndGlobalSection
	GlobalSection(ProjectConfigurationPlatforms) = postSolution
		{0362DAD9-C619-443F-89BF-763F24B31FF8}.Debug|Any CPU.ActiveCfg = Debug|Any CPU
		{0362DAD9-C619-443F-89BF-763F24B31FF8}.Debug|Any CPU.Build.0 = Debug|Any CPU
		{0362DAD9-C619-443F-89BF-763F24B31FF8}.Release|Any CPU.ActiveCfg = Release|Any CPU
		{0362DAD9-C619-443F-89BF-763F24B31FF8}.Release|Any CPU.Build.0 = Release|Any CPU
		{7A792AC0-453B-4E79-BA95-9C99B40A5B00}.Debug|Any CPU.ActiveCfg = Debug|Any CPU
		{7A792AC0-453B-4E79-BA95-9C99B40A5B00}.Debug|Any CPU.Build.0 = Debug|Any CPU
		{7A792AC0-453B-4E79-BA95-9C99B40A5B00}.Release|Any CPU.ActiveCfg = Release|Any CPU
		{7A792AC0-453B-4E79-BA95-9C99B40A5B00}.Release|Any CPU.Build.0 = Release|Any CPU
		{0BB2DD3B-5A4A-4939-BCC8-4305DA4FC888}.Debug|Any CPU.ActiveCfg = Debug|Any CPU
		{0BB2DD3B-5A4A-4939-BCC8-4305DA4FC888}.Debug|Any CPU.Build.0 = Debug|Any CPU
		{0BB2DD3B-5A4A-4939-BCC8-4305DA4FC888}.Release|Any CPU.ActiveCfg = Release|Any CPU
		{0BB2DD3B-5A4A-4939-BCC8-4305DA4FC888}.Release|Any CPU.Build.0 = Release|Any CPU
	EndGlobalSection
	GlobalSection(SolutionProperties) = preSolution
		HideSolutionNode = FALSE
	EndGlobalSection
	GlobalSection(ExtensibilityGlobals) = postSolution
		SolutionGuid = {C03EB91D-94D8-4622-BA94-C885B81B44E2}
	EndGlobalSection
EndGlobal
